
Microsoft Visual Studio Solution File, Format Version 12.00
# Visual Studio Version 16
VisualStudioVersion = 16.0.31515.178
MinimumVisualStudioVersion = 10.0.40219.1
Project("{9A19103F-16F7-4668-BE54-9A1E7A4F7556}") = "AddressBookSystem", "AddressBookSystem\AddressBookSystem.csproj", "{69F8A8BC-BAA1-4CE6-88B3-8EE393436530}"
EndProject
Project("{9A19103F-16F7-4668-BE54-9A1E7A4F7556}") = "AddressBook-ADO.NET", "AddressBook-ADO.NET\AddressBook-ADO.NET.csproj", "{5F0B7FFF-8159-44FC-A1FF-801EC9C54C72}"
EndProject
Project("{9A19103F-16F7-4668-BE54-9A1E7A4F7556}") = "AddressBook-ADO.NET-Test", "AddressBook-ADO.NET-Test\AddressBook-ADO.NET-Test.csproj", "{A6549C66-B5FC-4A53-AAB0-108290FBB3D3}"
EndProject
Project("{9A19103F-16F7-4668-BE54-9A1E7A4F7556}") = "AddressBook_REST", "AddressBook_REST\AddressBook_REST.csproj", "{EACCE079-0337-426A-8959-8B16D34330C7}"
EndProject
Project("{FAE04EC0-301F-11D3-BF4B-00C04F79EFBC}") = "AddressBook_REST_Test", "AddressBook_REST_Test\AddressBook_REST_Test.csproj", "{7EEAFA0A-1963-467D-B449-97B756B320C2}"
EndProject
Global
	GlobalSection(SolutionConfigurationPlatforms) = preSolution
		Debug|Any CPU = Debug|Any CPU
		Release|Any CPU = Release|Any CPU
	EndGlobalSection
	GlobalSection(ProjectConfigurationPlatforms) = postSolution
		{69F8A8BC-BAA1-4CE6-88B3-8EE393436530}.Debug|Any CPU.ActiveCfg = Debug|Any CPU
		{69F8A8BC-BAA1-4CE6-88B3-8EE393436530}.Debug|Any CPU.Build.0 = Debug|Any CPU
		{69F8A8BC-BAA1-4CE6-88B3-8EE393436530}.Release|Any CPU.ActiveCfg = Release|Any CPU
		{69F8A8BC-BAA1-4CE6-88B3-8EE393436530}.Release|Any CPU.Build.0 = Release|Any CPU
		{5F0B7FFF-8159-44FC-A1FF-801EC9C54C72}.Debug|Any CPU.ActiveCfg = Debug|Any CPU
		{5F0B7FFF-8159-44FC-A1FF-801EC9C54C72}.Debug|Any CPU.Build.0 = Debug|Any CPU
		{5F0B7FFF-8159-44FC-A1FF-801EC9C54C72}.Release|Any CPU.ActiveCfg = Release|Any CPU
		{5F0B7FFF-8159-44FC-A1FF-801EC9C54C72}.Release|Any CPU.Build.0 = Release|Any CPU
		{A6549C66-B5FC-4A53-AAB0-108290FBB3D3}.Debug|Any CPU.ActiveCfg = Debug|Any CPU
		{A6549C66-B5FC-4A53-AAB0-108290FBB3D3}.Debug|Any CPU.Build.0 = Debug|Any CPU
		{A6549C66-B5FC-4A53-AAB0-108290FBB3D3}.Release|Any CPU.ActiveCfg = Release|Any CPU
		{A6549C66-B5FC-4A53-AAB0-108290FBB3D3}.Release|Any CPU.Build.0 = Release|Any CPU
		{EACCE079-0337-426A-8959-8B16D34330C7}.Debug|Any CPU.ActiveCfg = Debug|Any CPU
		{EACCE079-0337-426A-8959-8B16D34330C7}.Debug|Any CPU.Build.0 = Debug|Any CPU
		{EACCE079-0337-426A-8959-8B16D34330C7}.Release|Any CPU.ActiveCfg = Release|Any CPU
		{EACCE079-0337-426A-8959-8B16D34330C7}.Release|Any CPU.Build.0 = Release|Any CPU
		{7EEAFA0A-1963-467D-B449-97B756B320C2}.Debug|Any CPU.ActiveCfg = Debug|Any CPU
		{7EEAFA0A-1963-467D-B449-97B756B320C2}.Debug|Any CPU.Build.0 = Debug|Any CPU
		{7EEAFA0A-1963-467D-B449-97B756B320C2}.Release|Any CPU.ActiveCfg = Release|Any CPU
		{7EEAFA0A-1963-467D-B449-97B756B320C2}.Release|Any CPU.Build.0 = Release|Any CPU
	EndGlobalSection
	GlobalSection(SolutionProperties) = preSolution
		HideSolutionNode = FALSE
	EndGlobalSection
	GlobalSection(ExtensibilityGlobals) = postSolution
		SolutionGuid = {F8814E52-6AC1-4AF6-9279-2DBB6BE4315F}
	EndGlobalSection
EndGlobal
